
Microsoft Visual Studio Solution File, Format Version 12.00
# Visual Studio 15
VisualStudioVersion = 15.0.28307.106
MinimumVisualStudioVersion = 10.0.40219.1
Project("{F2A71F9B-5D33-465A-A702-920D77279786}") = "fsgl", "fsgl.fsproj", "{578DC197-C3B8-49EC-BC4F-AF4F756065D2}"
EndProject
Project("{FAE04EC0-301F-11D3-BF4B-00C04F79EFBC}") = "csgl", "..\csgl\csgl.csproj", "{C37698F5-4C2F-4A2E-88DE-6F3B4546A5A0}"
EndProject
Global
	GlobalSection(SolutionConfigurationPlatforms) = preSolution
		Debug|Any CPU = Debug|Any CPU
		Release|Any CPU = Release|Any CPU
	EndGlobalSection
	GlobalSection(ProjectConfigurationPlatforms) = postSolution
		{578DC197-C3B8-49EC-BC4F-AF4F756065D2}.Debug|Any CPU.ActiveCfg = Debug|Any CPU
		{578DC197-C3B8-49EC-BC4F-AF4F756065D2}.Debug|Any CPU.Build.0 = Debug|Any CPU
		{578DC197-C3B8-49EC-BC4F-AF4F756065D2}.Release|Any CPU.ActiveCfg = Release|Any CPU
		{578DC197-C3B8-49EC-BC4F-AF4F756065D2}.Release|Any CPU.Build.0 = Release|Any CPU
		{C37698F5-4C2F-4A2E-88DE-6F3B4546A5A0}.Debug|Any CPU.ActiveCfg = Debug|Any CPU
		{C37698F5-4C2F-4A2E-88DE-6F3B4546A5A0}.Debug|Any CPU.Build.0 = Debug|Any CPU
		{C37698F5-4C2F-4A2E-88DE-6F3B4546A5A0}.Release|Any CPU.ActiveCfg = Release|Any CPU
		{C37698F5-4C2F-4A2E-88DE-6F3B4546A5A0}.Release|Any CPU.Build.0 = Release|Any CPU
	EndGlobalSection
	GlobalSection(SolutionProperties) = preSolution
		HideSolutionNode = FALSE
	EndGlobalSection
	GlobalSection(ExtensibilityGlobals) = postSolution
		SolutionGuid = {44812CB9-FD69-4B2C-941F-BE55061D260B}
	EndGlobalSection
EndGlobal
